
Microsoft Visual Studio Solution File, Format Version 12.00
# Visual Studio 15
VisualStudioVersion = 15.0.28307.1209
MinimumVisualStudioVersion = 10.0.40219.1
Project("{FAE04EC0-301F-11D3-BF4B-00C04F79EFBC}") = "GifSplashDemo.Android", "GifSplashDemo\GifSplashDemo.Android\GifSplashDemo.Android.csproj", "{F2A44751-E0C5-48A1-BE1A-A90D79A1F56F}"
EndProject
Project("{FAE04EC0-301F-11D3-BF4B-00C04F79EFBC}") = "GifSplashDemo.iOS", "GifSplashDemo\GifSplashDemo.iOS\GifSplashDemo.iOS.csproj", "{D6BB8B5E-C752-402D-A64F-A185D8071538}"
EndProject
Project("{FAE04EC0-301F-11D3-BF4B-00C04F79EFBC}") = "GifSplashDemo", "GifSplashDemo\GifSplashDemo\GifSplashDemo.csproj", "{3E56A2F1-EF82-4142-B070-848A743BB0A3}"
EndProject
Global
	GlobalSection(SolutionConfigurationPlatforms) = preSolution
		Ad-Hoc|Any CPU = Ad-Hoc|Any CPU
		Ad-Hoc|iPhone = Ad-Hoc|iPhone
		Ad-Hoc|iPhoneSimulator = Ad-Hoc|iPhoneSimulator
		AppStore|Any CPU = AppStore|Any CPU
		AppStore|iPhone = AppStore|iPhone
		AppStore|iPhoneSimulator = AppStore|iPhoneSimulator
		Debug|Any CPU = Debug|Any CPU
		Debug|iPhone = Debug|iPhone
		Debug|iPhoneSimulator = Debug|iPhoneSimulator
		Release|Any CPU = Release|Any CPU
		Release|iPhone = Release|iPhone
		Release|iPhoneSimulator = Release|iPhoneSimulator
	EndGlobalSection
	GlobalSection(ProjectConfigurationPlatforms) = postSolution
		{F2A44751-E0C5-48A1-BE1A-A90D79A1F56F}.Ad-Hoc|Any CPU.ActiveCfg = Release|Any CPU
		{F2A44751-E0C5-48A1-BE1A-A90D79A1F56F}.Ad-Hoc|Any CPU.Build.0 = Release|Any CPU
		{F2A44751-E0C5-48A1-BE1A-A90D79A1F56F}.Ad-Hoc|Any CPU.Deploy.0 = Release|Any CPU
		{F2A44751-E0C5-48A1-BE1A-A90D79A1F56F}.Ad-Hoc|iPhone.ActiveCfg = Release|Any CPU
		{F2A44751-E0C5-48A1-BE1A-A90D79A1F56F}.Ad-Hoc|iPhone.Build.0 = Release|Any CPU
		{F2A44751-E0C5-48A1-BE1A-A90D79A1F56F}.Ad-Hoc|iPhone.Deploy.0 = Release|Any CPU
		{F2A44751-E0C5-48A1-BE1A-A90D79A1F56F}.Ad-Hoc|iPhoneSimulator.ActiveCfg = Release|Any CPU
		{F2A44751-E0C5-48A1-BE1A-A90D79A1F56F}.Ad-Hoc|iPhoneSimulator.Build.0 = Release|Any CPU
		{F2A44751-E0C5-48A1-BE1A-A90D79A1F56F}.Ad-Hoc|iPhoneSimulator.Deploy.0 = Release|Any CPU
		{F2A44751-E0C5-48A1-BE1A-A90D79A1F56F}.AppStore|Any CPU.ActiveCfg = Release|Any CPU
		{F2A44751-E0C5-48A1-BE1A-A90D79A1F56F}.AppStore|Any CPU.Build.0 = Release|Any CPU
		{F2A44751-E0C5-48A1-BE1A-A90D79A1F56F}.AppStore|Any CPU.Deploy.0 = Release|Any CPU
		{F2A44751-E0C5-48A1-BE1A-A90D79A1F56F}.AppStore|iPhone.ActiveCfg = Release|Any CPU
		{F2A44751-E0C5-48A1-BE1A-A90D79A1F56F}.AppStore|iPhone.Build.0 = Release|Any CPU
		{F2A44751-E0C5-48A1-BE1A-A90D79A1F56F}.AppStore|iPhone.Deploy.0 = Release|Any CPU
		{F2A44751-E0C5-48A1-BE1A-A90D79A1F56F}.AppStore|iPhoneSimulator.ActiveCfg = Release|Any CPU
		{F2A44751-E0C5-48A1-BE1A-A90D79A1F56F}.AppStore|iPhoneSimulator.Build.0 = Release|Any CPU
		{F2A44751-E0C5-48A1-BE1A-A90D79A1F56F}.AppStore|iPhoneSimulator.Deploy.0 = Release|Any CPU
		{F2A44751-E0C5-48A1-BE1A-A90D79A1F56F}.Debug|Any CPU.ActiveCfg = Debug|Any CPU
		{F2A44751-E0C5-48A1-BE1A-A90D79A1F56F}.Debug|Any CPU.Build.0 = Debug|Any CPU
		{F2A44751-E0C5-48A1-BE1A-A90D79A1F56F}.Debug|Any CPU.Deploy.0 = Debug|Any CPU
		{F2A44751-E0C5-48A1-BE1A-A90D79A1F56F}.Debug|iPhone.ActiveCfg = Debug|Any CPU
		{F2A44751-E0C5-48A1-BE1A-A90D79A1F56F}.Debug|iPhone.Build.0 = Debug|Any CPU
		{F2A44751-E0C5-48A1-BE1A-A90D79A1F56F}.Debug|iPhone.Deploy.0 = Debug|Any CPU
		{F2A44751-E0C5-48A1-BE1A-A90D79A1F56F}.Debug|iPhoneSimulator.ActiveCfg = Debug|Any CPU
		{F2A44751-E0C5-48A1-BE1A-A90D79A1F56F}.Debug|iPhoneSimulator.Build.0 = Debug|Any CPU
		{F2A44751-E0C5-48A1-BE1A-A90D79A1F56F}.Debug|iPhoneSimulator.Deploy.0 = Debug|Any CPU
		{F2A44751-E0C5-48A1-BE1A-A90D79A1F56F}.Release|Any CPU.ActiveCfg = Release|Any CPU
		{F2A44751-E0C5-48A1-BE1A-A90D79A1F56F}.Release|Any CPU.Build.0 = Release|Any CPU
		{F2A44751-E0C5-48A1-BE1A-A90D79A1F56F}.Release|Any CPU.Deploy.0 = Release|Any CPU
		{F2A44751-E0C5-48A1-BE1A-A90D79A1F56F}.Release|iPhone.ActiveCfg = Release|Any CPU
		{F2A44751-E0C5-48A1-BE1A-A90D79A1F56F}.Release|iPhone.Build.0 = Release|Any CPU
		{F2A44751-E0C5-48A1-BE1A-A90D79A1F56F}.Release|iPhone.Deploy.0 = Release|Any CPU
		{F2A44751-E0C5-48A1-BE1A-A90D79A1F56F}.Release|iPhoneSimulator.ActiveCfg = Release|Any CPU
		{F2A44751-E0C5-48A1-BE1A-A90D79A1F56F}.Release|iPhoneSimulator.Build.0 = Release|Any CPU
		{F2A44751-E0C5-48A1-BE1A-A90D79A1F56F}.Release|iPhoneSimulator.Deploy.0 = Release|Any CPU
		{D6BB8B5E-C752-402D-A64F-A185D8071538}.Ad-Hoc|Any CPU.ActiveCfg = Ad-Hoc|iPhone
		{D6BB8B5E-C752-402D-A64F-A185D8071538}.Ad-Hoc|Any CPU.Build.0 = Ad-Hoc|iPhone
		{D6BB8B5E-C752-402D-A64F-A185D8071538}.Ad-Hoc|Any CPU.Deploy.0 = Ad-Hoc|iPhone
		{D6BB8B5E-C752-402D-A64F-A185D8071538}.Ad-Hoc|iPhone.ActiveCfg = Ad-Hoc|iPhone
		{D6BB8B5E-C752-402D-A64F-A185D8071538}.Ad-Hoc|iPhone.Build.0 = Ad-Hoc|iPhone
		{D6BB8B5E-C752-402D-A64F-A185D8071538}.Ad-Hoc|iPhone.Deploy.0 = Ad-Hoc|iPhone
		{D6BB8B5E-C752-402D-A64F-A185D8071538}.Ad-Hoc|iPhoneSimulator.ActiveCfg = Ad-Hoc|iPhoneSimulator
		{D6BB8B5E-C752-402D-A64F-A185D8071538}.Ad-Hoc|iPhoneSimulator.Build.0 = Ad-Hoc|iPhoneSimulator
		{D6BB8B5E-C752-402D-A64F-A185D8071538}.Ad-Hoc|iPhoneSimulator.Deploy.0 = Ad-Hoc|iPhoneSimulator
		{D6BB8B5E-C752-402D-A64F-A185D8071538}.AppStore|Any CPU.ActiveCfg = AppStore|iPhone
		{D6BB8B5E-C752-402D-A64F-A185D8071538}.AppStore|Any CPU.Build.0 = AppStore|iPhone
		{D6BB8B5E-C752-402D-A64F-A185D8071538}.AppStore|Any CPU.Deploy.0 = AppStore|iPhone
		{D6BB8B5E-C752-402D-A64F-A185D8071538}.AppStore|iPhone.ActiveCfg = AppStore|iPhone
		{D6BB8B5E-C752-402D-A64F-A185D8071538}.AppStore|iPhone.Build.0 = AppStore|iPhone
		{D6BB8B5E-C752-402D-A64F-A185D8071538}.AppStore|iPhone.Deploy.0 = AppStore|iPhone
		{D6BB8B5E-C752-402D-A64F-A185D8071538}.AppStore|iPhoneSimulator.ActiveCfg = AppStore|iPhoneSimulator
		{D6BB8B5E-C752-402D-A64F-A185D8071538}.AppStore|iPhoneSimulator.Build.0 = AppStore|iPhoneSimulator
		{D6BB8B5E-C752-402D-A64F-A185D8071538}.AppStore|iPhoneSimulator.Deploy.0 = AppStore|iPhoneSimulator
		{D6BB8B5E-C752-402D-A64F-A185D8071538}.Debug|Any CPU.ActiveCfg = Debug|iPhoneSimulator
		{D6BB8B5E-C752-402D-A64F-A185D8071538}.Debug|Any CPU.Build.0 = Debug|iPhoneSimulator
		{D6BB8B5E-C752-402D-A64F-A185D8071538}.Debug|Any CPU.Deploy.0 = Debug|iPhoneSimulator
		{D6BB8B5E-C752-402D-A64F-A185D8071538}.Debug|iPhone.ActiveCfg = Debug|iPhone
		{D6BB8B5E-C752-402D-A64F-A185D8071538}.Debug|iPhone.Build.0 = Debug|iPhone
		{D6BB8B5E-C752-402D-A64F-A185D8071538}.Debug|iPhone.Deploy.0 = Debug|iPhone
		{D6BB8B5E-C752-402D-A64F-A185D8071538}.Debug|iPhoneSimulator.ActiveCfg = Debug|iPhoneSimulator
		{D6BB8B5E-C752-402D-A64F-A185D8071538}.Debug|iPhoneSimulator.Build.0 = Debug|iPhoneSimulator
		{D6BB8B5E-C752-402D-A64F-A185D8071538}.Debug|iPhoneSimulator.Deploy.0 = Debug|iPhoneSimulator
		{D6BB8B5E-C752-402D-A64F-A185D8071538}.Release|Any CPU.ActiveCfg = Release|iPhone
		{D6BB8B5E-C752-402D-A64F-A185D8071538}.Release|Any CPU.Build.0 = Release|iPhone
		{D6BB8B5E-C752-402D-A64F-A185D8071538}.Release|Any CPU.Deploy.0 = Release|iPhone
		{D6BB8B5E-C752-402D-A64F-A185D8071538}.Release|iPhone.ActiveCfg = Release|iPhone
		{D6BB8B5E-C752-402D-A64F-A185D8071538}.Release|iPhone.Build.0 = Release|iPhone
		{D6BB8B5E-C752-402D-A64F-A185D8071538}.Release|iPhone.Deploy.0 = Release|iPhone
		{D6BB8B5E-C752-402D-A64F-A185D8071538}.Release|iPhoneSimulator.ActiveCfg = Release|iPhoneSimulator
		{D6BB8B5E-C752-402D-A64F-A185D8071538}.Release|iPhoneSimulator.Build.0 = Release|iPhoneSimulator
		{D6BB8B5E-C752-402D-A64F-A185D8071538}.Release|iPhoneSimulator.Deploy.0 = Release|iPhoneSimulator
		{3E56A2F1-EF82-4142-B070-848A743BB0A3}.Ad-Hoc|Any CPU.ActiveCfg = Debug|Any CPU
		{3E56A2F1-EF82-4142-B070-848A743BB0A3}.Ad-Hoc|Any CPU.Build.0 = Debug|Any CPU
		{3E56A2F1-EF82-4142-B070-848A743BB0A3}.Ad-Hoc|Any CPU.Deploy.0 = Debug|Any CPU
		{3E56A2F1-EF82-4142-B070-848A743BB0A3}.Ad-Hoc|iPhone.ActiveCfg = Debug|Any CPU
		{3E56A2F1-EF82-4142-B070-848A743BB0A3}.Ad-Hoc|iPhone.Build.0 = Debug|Any CPU
		{3E56A2F1-EF82-4142-B070-848A743BB0A3}.Ad-Hoc|iPhone.Deploy.0 = Debug|Any CPU
		{3E56A2F1-EF82-4142-B070-848A743BB0A3}.Ad-Hoc|iPhoneSimulator.ActiveCfg = Debug|Any CPU
		{3E56A2F1-EF82-4142-B070-848A743BB0A3}.Ad-Hoc|iPhoneSimulator.Build.0 = Debug|Any CPU
		{3E56A2F1-EF82-4142-B070-848A743BB0A3}.Ad-Hoc|iPhoneSimulator.Deploy.0 = Debug|Any CPU
		{3E56A2F1-EF82-4142-B070-848A743BB0A3}.AppStore|Any CPU.ActiveCfg = Debug|Any CPU
		{3E56A2F1-EF82-4142-B070-848A743BB0A3}.AppStore|Any CPU.Build.0 = Debug|Any CPU
		{3E56A2F1-EF82-4142-B070-848A743BB0A3}.AppStore|Any CPU.Deploy.0 = Debug|Any CPU
		{3E56A2F1-EF82-4142-B070-848A743BB0A3}.AppStore|iPhone.ActiveCfg = Debug|Any CPU
		{3E56A2F1-EF82-4142-B070-848A743BB0A3}.AppStore|iPhone.Build.0 = Debug|Any CPU
		{3E56A2F1-EF82-4142-B070-848A743BB0A3}.AppStore|iPhone.Deploy.0 = Debug|Any CPU
		{3E56A2F1-EF82-4142-B070-848A743BB0A3}.AppStore|iPhoneSimulator.ActiveCfg = Debug|Any CPU
		{3E56A2F1-EF82-4142-B070-848A743BB0A3}.AppStore|iPhoneSimulator.Build.0 = Debug|Any CPU
		{3E56A2F1-EF82-4142-B070-848A743BB0A3}.AppStore|iPhoneSimulator.Deploy.0 = Debug|Any CPU
		{3E56A2F1-EF82-4142-B070-848A743BB0A3}.Debug|Any CPU.ActiveCfg = Debug|Any CPU
		{3E56A2F1-EF82-4142-B070-848A743BB0A3}.Debug|Any CPU.Build.0 = Debug|Any CPU
		{3E56A2F1-EF82-4142-B070-848A743BB0A3}.Debug|Any CPU.Deploy.0 = Debug|Any CPU
		{3E56A2F1-EF82-4142-B070-848A743BB0A3}.Debug|iPhone.ActiveCfg = Debug|Any CPU
		{3E56A2F1-EF82-4142-B070-848A743BB0A3}.Debug|iPhone.Build.0 = Debug|Any CPU
		{3E56A2F1-EF82-4142-B070-848A743BB0A3}.Debug|iPhone.Deploy.0 = Debug|Any CPU
		{3E56A2F1-EF82-4142-B070-848A743BB0A3}.Debug|iPhoneSimulator.ActiveCfg = Debug|Any CPU
		{3E56A2F1-EF82-4142-B070-848A743BB0A3}.Debug|iPhoneSimulator.Build.0 = Debug|Any CPU
		{3E56A2F1-EF82-4142-B070-848A743BB0A3}.Debug|iPhoneSimulator.Deploy.0 = Debug|Any CPU
		{3E56A2F1-EF82-4142-B070-848A743BB0A3}.Release|Any CPU.ActiveCfg = Release|Any CPU
		{3E56A2F1-EF82-4142-B070-848A743BB0A3}.Release|Any CPU.Build.0 = Release|Any CPU
		{3E56A2F1-EF82-4142-B070-848A743BB0A3}.Release|Any CPU.Deploy.0 = Release|Any CPU
		{3E56A2F1-EF82-4142-B070-848A743BB0A3}.Release|iPhone.ActiveCfg = Release|Any CPU
		{3E56A2F1-EF82-4142-B070-848A743BB0A3}.Release|iPhone.Build.0 = Release|Any CPU
		{3E56A2F1-EF82-4142-B070-848A743BB0A3}.Release|iPhone.Deploy.0 = Release|Any CPU
		{3E56A2F1-EF82-4142-B070-848A743BB0A3}.Release|iPhoneSimulator.ActiveCfg = Release|Any CPU
		{3E56A2F1-EF82-4142-B070-848A743BB0A3}.Release|iPhoneSimulator.Build.0 = Release|Any CPU
		{3E56A2F1-EF82-4142-B070-848A743BB0A3}.Release|iPhoneSimulator.Deploy.0 = Release|Any CPU
	EndGlobalSection
	GlobalSection(SolutionProperties) = preSolution
		HideSolutionNode = FALSE
	EndGlobalSection
	GlobalSection(ExtensibilityGlobals) = postSolution
		SolutionGuid = {BA9638D8-D00F-4C23-BFD8-18CE3A987387}
	EndGlobalSection
EndGlobal
